# This file is autogenerated, do not edit; changes may be undone by the next 'dep ensure'.


[[projects]]
  name = "github.com/codegangsta/cli"
  packages = ["."]
  revision = "347a9884a87374d000eec7e6445a34487c1f4a2b"

[[projects]]
  name = "github.com/dgrijalva/jwt-go"
  packages = ["."]
  revision = "2268707a8f0843315e2004ee4f1d021dc08baedf"

[[projects]]
  name = "github.com/dlclark/regexp2"
  packages = [".","syntax"]
  revision = "3f97b6a39134e6bd88a72d1388d1632e60d83ef6"
  version = "v1.1.3"

[[projects]]
  name = "github.com/dop251/goja"
  packages = [".","ast","file","parser","token"]
  revision = "09718839f5255969d0dcaef99119b867d187ecea"

[[projects]]
  name = "github.com/dop251/goja_nodejs"
  packages = ["console","eventloop","require","util"]
  revision = "2fc1e6bbfc494e36dd9a0b3e735a4babc538f51f"

[[projects]]
  name = "github.com/elazarl/go-bindata-assetfs"
  packages = ["."]
  revision = "9a6736ed45b44bf3835afeebb3034b57ed329f3e"

[[projects]]
  name = "github.com/fatih/structs"
  packages = ["."]
  revision = "a720dfa8df582c51dee1b36feabb906bde1588bd"
  version = "v1.0"

[[projects]]
  name = "github.com/itsjamie/go-bindata-templates"
  packages = ["."]
  revision = "65d795d0c74021e19b2ebadf3c83c01a8290a405"

[[projects]]
  name = "github.com/labstack/echo"
  packages = [".","middleware"]
  revision = "a8b6864be328fcb5c2d96d32c75b750f84e0e4be"

[[projects]]
  name = "github.com/labstack/gommon"
  packages = ["bytes","color","log","random"]
  revision = "f72d3c883f8ea180da8f085dd320804c41332ad1"

[[projects]]
  name = "github.com/mattn/go-colorable"
  packages = ["."]
  revision = "d228849504861217f796da67fae4f6e347643f15"
  version = "v0.0.7"

[[projects]]
  name = "github.com/mattn/go-isatty"
  packages = ["."]
  revision = "30a891c33c7cde7b02a981314b4228ec99380cca"

[[projects]]
  branch = "master"
  name = "github.com/nu7hatch/gouuid"
  packages = ["."]
  revision = "179d4d0c4d8d407a32af483c2354df1d2c91e6c3"

[[projects]]
  name = "github.com/olebedev/config"
  packages = ["."]
  revision = "afea898d27c7d17376ecc60c7c2e73c76b40060e"

[[projects]]
  branch = "master"
  name = "github.com/olebedev/gojax"
  packages = ["fetch","fetch/internal/data"]
  revision = "bb153be84336f26925890502929cc363477df7ad"

[[projects]]
  name = "github.com/pkg/errors"
  packages = ["."]
  revision = "248dadf4e9068a0b3e79f02ed0a610d935de5302"

[[projects]]
  branch = "master"
  name = "github.com/valyala/bytebufferpool"
  packages = ["."]
  revision = "e746df99fe4a3986f4d4f79e13c1e0117ce9c2f7"

[[projects]]
  name = "github.com/valyala/fasttemplate"
  packages = ["."]
  revision = "d090d65668a286d9a180d43a19dfdc5dcad8fe88"

[[projects]]
  name = "golang.org/x/crypto"
  packages = ["acme","acme/autocert"]
  revision = "bed12803fa9663d7aa2c2346b0c634ad2dcd43b7"

[[projects]]
  name = "golang.org/x/net"
  packages = ["context","context/ctxhttp"]
  revision = "41bba8d80bbfab43231ffdf4c210037baae5f6a3"

[[projects]]
  name = "golang.org/x/sys"
  packages = ["unix"]
  revision = "7a6e5648d140666db5d920909e082ca00a87ba2c"

[[projects]]
  name = "golang.org/x/text"
  packages = ["cases","collate","collate/build","internal","internal/colltab","internal/gen","internal/tag","internal/triegen","internal/ucd","language","transform","unicode/cldr","unicode/norm"]
  revision = "44f4f658a783b0cee41fe0a23b8fc91d9c120558"

[[projects]]
  name = "gopkg.in/yaml.v2"
  packages = ["."]
  revision = "4c78c975fe7c825c6d1466c42be594d1d6f3aba6"

[solve-meta]
  analyzer-name = "dep"
  analyzer-version = 1
  inputs-digest = "9985f3f606fe7dcac1f19f27762d1e7cfb22b19dc68a0e60f2d98fec201be6f1"
  solver-name = "gps-cdcl"
  solver-version = 1
